// !$*UTF8*$!
{
	archiveVersion = 1;
	classes = {
	};
	objectVersion = 50;
	objects = {

/* Begin PBXBuildFile section */
		6C96B62BF223D770B53E81EE /* libPods-protocolbufDemo.a in Frameworks */ = {isa = PBXBuildFile; fileRef = 071BA0C72F22DC51D97FD7B7 /* libPods-protocolbufDemo.a */; };
		761D493820D8E4BE004D2838 /* AppDelegate.m in Sources */ = {isa = PBXBuildFile; fileRef = 761D493720D8E4BE004D2838 /* AppDelegate.m */; };
		761D493B20D8E4BE004D2838 /* ViewController.m in Sources */ = {isa = PBXBuildFile; fileRef = 761D493A20D8E4BE004D2838 /* ViewController.m */; };
		761D493E20D8E4BE004D2838 /* Main.storyboard in Resources */ = {isa = PBXBuildFile; fileRef = 761D493C20D8E4BE004D2838 /* Main.storyboard */; };
		761D494020D8E4C0004D2838 /* Assets.xcassets in Resources */ = {isa = PBXBuildFile; fileRef = 761D493F20D8E4C0004D2838 /* Assets.xcassets */; };
		761D494320D8E4C0004D2838 /* LaunchScreen.storyboard in Resources */ = {isa = PBXBuildFile; fileRef = 761D494120D8E4C0004D2838 /* LaunchScreen.storyboard */; };
		761D494620D8E4C0004D2838 /* main.m in Sources */ = {isa = PBXBuildFile; fileRef = 761D494520D8E4C0004D2838 /* main.m */; };
		761D495020D8E4C0004D2838 /* protocolbufDemoTests.m in Sources */ = {isa = PBXBuildFile; fileRef = 761D494F20D8E4C0004D2838 /* protocolbufDemoTests.m */; };
		761D495B20D8E4C1004D2838 /* protocolbufDemoUITests.m in Sources */ = {isa = PBXBuildFile; fileRef = 761D495A20D8E4C1004D2838 /* protocolbufDemoUITests.m */; };
		761D496D20D8EBA1004D2838 /* CommonShop.pbobjc.m in Sources */ = {isa = PBXBuildFile; fileRef = 761D496B20D8EBA1004D2838 /* CommonShop.pbobjc.m */; settings = {COMPILER_FLAGS = "-fno-objc-arc"; }; };
		761D496E20D8EBA1004D2838 /* Person.pbobjc.m in Sources */ = {isa = PBXBuildFile; fileRef = 761D496C20D8EBA1004D2838 /* Person.pbobjc.m */; settings = {COMPILER_FLAGS = "-fno-objc-arc"; }; };
		761D497220D8EBF5004D2838 /* Person.proto in Resources */ = {isa = PBXBuildFile; fileRef = 761D497020D8EBF5004D2838 /* Person.proto */; };
		761D497320D8EBF5004D2838 /* CommonShop.proto in Resources */ = {isa = PBXBuildFile; fileRef = 761D497120D8EBF5004D2838 /* CommonShop.proto */; };
/* End PBXBuildFile section */

/* Begin PBXContainerItemProxy section */
		761D494C20D8E4C0004D2838 /* PBXContainerItemProxy */ = {
			isa = PBXContainerItemProxy;
			containerPortal = 761D492B20D8E4BE004D2838 /* Project object */;
			proxyType = 1;
			remoteGlobalIDString = 761D493220D8E4BE004D2838;
			remoteInfo = protocolbufDemo;
		};
		761D495720D8E4C1004D2838 /* PBXContainerItemProxy */ = {
			isa = PBXContainerItemProxy;
			containerPortal = 761D492B20D8E4BE004D2838 /* Project object */;
			proxyType = 1;
			remoteGlobalIDString = 761D493220D8E4BE004D2838;
			remoteInfo = protocolbufDemo;
		};
/* End PBXContainerItemProxy section */

/* Begin PBXFileReference section */
		071BA0C72F22DC51D97FD7B7 /* libPods-protocolbufDemo.a */ = {isa = PBXFileReference; explicitFileType = archive.ar; includeInIndex = 0; path = "libPods-protocolbufDemo.a"; sourceTree = BUILT_PRODUCTS_DIR; };
		761D493320D8E4BE004D2838 /* protocolbufDemo.app */ = {isa = PBXFileReference; explicitFileType = wrapper.application; includeInIndex = 0; path = protocolbufDemo.app; sourceTree = BUILT_PRODUCTS_DIR; };
		761D493620D8E4BE004D2838 /* AppDelegate.h */ = {isa = PBXFileReference; lastKnownFileType = sourcecode.c.h; path = AppDelegate.h; sourceTree = "<group>"; };
		761D493720D8E4BE004D2838 /* AppDelegate.m */ = {isa = PBXFileReference; lastKnownFileType = sourcecode.c.objc; path = AppDelegate.m; sourceTree = "<group>"; };
		761D493920D8E4BE004D2838 /* ViewController.h */ = {isa = PBXFileReference; lastKnownFileType = sourcecode.c.h; path = ViewController.h; sourceTree = "<group>"; };
		761D493A20D8E4BE004D2838 /* ViewController.m */ = {isa = PBXFileReference; lastKnownFileType = sourcecode.c.objc; path = ViewController.m; sourceTree = "<group>"; };
		761D493D20D8E4BE004D2838 /* Base */ = {isa = PBXFileReference; lastKnownFileType = file.storyboard; name = Base; path = Base.lproj/Main.storyboard; sourceTree = "<group>"; };
		761D493F20D8E4C0004D2838 /* Assets.xcassets */ = {isa = PBXFileReference; lastKnownFileType = folder.assetcatalog; path = Assets.xcassets; sourceTree = "<group>"; };
		761D494220D8E4C0004D2838 /* Base */ = {isa = PBXFileReference; lastKnownFileType = file.storyboard; name = Base; path = Base.lproj/LaunchScreen.storyboard; sourceTree = "<group>"; };
		761D494420D8E4C0004D2838 /* Info.plist */ = {isa = PBXFileReference; lastKnownFileType = text.plist.xml; path = Info.plist; sourceTree = "<group>"; };
		761D494520D8E4C0004D2838 /* main.m */ = {isa = PBXFileReference; lastKnownFileType = sourcecode.c.objc; path = main.m; sourceTree = "<group>"; };
		761D494B20D8E4C0004D2838 /* protocolbufDemoTests.xctest */ = {isa = PBXFileReference; explicitFileType = wrapper.cfbundle; includeInIndex = 0; path = protocolbufDemoTests.xctest; sourceTree = BUILT_PRODUCTS_DIR; };
		761D494F20D8E4C0004D2838 /* protocolbufDemoTests.m */ = {isa = PBXFileReference; lastKnownFileType = sourcecode.c.objc; path = protocolbufDemoTests.m; sourceTree = "<group>"; };
		761D495120D8E4C0004D2838 /* Info.plist */ = {isa = PBXFileReference; lastKnownFileType = text.plist.xml; path = Info.plist; sourceTree = "<group>"; };
		761D495620D8E4C1004D2838 /* protocolbufDemoUITests.xctest */ = {isa = PBXFileReference; explicitFileType = wrapper.cfbundle; includeInIndex = 0; path = protocolbufDemoUITests.xctest; sourceTree = BUILT_PRODUCTS_DIR; };
		761D495A20D8E4C1004D2838 /* protocolbufDemoUITests.m */ = {isa = PBXFileReference; lastKnownFileType = sourcecode.c.objc; path = protocolbufDemoUITests.m; sourceTree = "<group>"; };
		761D495C20D8E4C1004D2838 /* Info.plist */ = {isa = PBXFileReference; lastKnownFileType = text.plist.xml; path = Info.plist; sourceTree = "<group>"; };
		761D496920D8EBA1004D2838 /* CommonShop.pbobjc.h */ = {isa = PBXFileReference; fileEncoding = 4; lastKnownFileType = sourcecode.c.h; path = CommonShop.pbobjc.h; sourceTree = "<group>"; };
		761D496A20D8EBA1004D2838 /* Person.pbobjc.h */ = {isa = PBXFileReference; fileEncoding = 4; lastKnownFileType = sourcecode.c.h; path = Person.pbobjc.h; sourceTree = "<group>"; };
		761D496B20D8EBA1004D2838 /* CommonShop.pbobjc.m */ = {isa = PBXFileReference; fileEncoding = 4; lastKnownFileType = sourcecode.c.objc; path = CommonShop.pbobjc.m; sourceTree = "<group>"; };
		761D496C20D8EBA1004D2838 /* Person.pbobjc.m */ = {isa = PBXFileReference; fileEncoding = 4; lastKnownFileType = sourcecode.c.objc; path = Person.pbobjc.m; sourceTree = "<group>"; };
		761D497020D8EBF5004D2838 /* Person.proto */ = {isa = PBXFileReference; fileEncoding = 4; lastKnownFileType = text; path = Person.proto; sourceTree = "<group>"; };
		761D497120D8EBF5004D2838 /* CommonShop.proto */ = {isa = PBXFileReference; fileEncoding = 4; lastKnownFileType = text; path = CommonShop.proto; sourceTree = "<group>"; };
		C36DDF5CACC6E21EAB3D5F87 /* Pods-protocolbufDemo.debug.xcconfig */ = {isa = PBXFileReference; includeInIndex = 1; lastKnownFileType = text.xcconfig; name = "Pods-protocolbufDemo.debug.xcconfig"; path = "Pods/Target Support Files/Pods-protocolbufDemo/Pods-protocolbufDemo.debug.xcconfig"; sourceTree = "<group>"; };
		D7E43563BDA70C51A32FA09C /* Pods-protocolbufDemo.release.xcconfig */ = {isa = PBXFileReference; includeInIndex = 1; lastKnownFileType = text.xcconfig; name = "Pods-protocolbufDemo.release.xcconfig"; path = "Pods/Target Support Files/Pods-protocolbufDemo/Pods-protocolbufDemo.release.xcconfig"; sourceTree = "<group>"; };
/* End PBXFileReference section */

/* Begin PBXFrameworksBuildPhase section */
		761D493020D8E4BE004D2838 /* Frameworks */ = {
			isa = PBXFrameworksBuildPhase;
			buildActionMask = 2147483647;
			files = (
				6C96B62BF223D770B53E81EE /* libPods-protocolbufDemo.a in Frameworks */,
			);
			runOnlyForDeploymentPostprocessing = 0;
		};
		761D494820D8E4C0004D2838 /* Frameworks */ = {
			isa = PBXFrameworksBuildPhase;
			buildActionMask = 2147483647;
			files = (
			);
			runOnlyForDeploymentPostprocessing = 0;
		};
		761D495320D8E4C1004D2838 /* Frameworks */ = {
			isa = PBXFrameworksBuildPhase;
			buildActionMask = 2147483647;
			files = (
			);
			runOnlyForDeploymentPostprocessing = 0;
		};
/* End PBXFrameworksBuildPhase section */

/* Begin PBXGroup section */
		4CF2D8A3211A8D9292730924 /* Pods */ = {
			isa = PBXGroup;
			children = (
				C36DDF5CACC6E21EAB3D5F87 /* Pods-protocolbufDemo.debug.xcconfig */,
				D7E43563BDA70C51A32FA09C /* Pods-protocolbufDemo.release.xcconfig */,
			);
			name = Pods;
			sourceTree = "<group>";
		};
		761D492A20D8E4BE004D2838 = {
			isa = PBXGroup;
			children = (
				761D493520D8E4BE004D2838 /* protocolbufDemo */,
				761D494E20D8E4C0004D2838 /* protocolbufDemoTests */,
				761D495920D8E4C1004D2838 /* protocolbufDemoUITests */,
				761D493420D8E4BE004D2838 /* Products */,
				4CF2D8A3211A8D9292730924 /* Pods */,
				A4088A593BC11040DA339F80 /* Frameworks */,
			);
			sourceTree = "<group>";
		};
		761D493420D8E4BE004D2838 /* Products */ = {
			isa = PBXGroup;
			children = (
				761D493320D8E4BE004D2838 /* protocolbufDemo.app */,
				761D494B20D8E4C0004D2838 /* protocolbufDemoTests.xctest */,
				761D495620D8E4C1004D2838 /* protocolbufDemoUITests.xctest */,
			);
			name = Products;
			sourceTree = "<group>";
		};
		761D493520D8E4BE004D2838 /* protocolbufDemo */ = {
			isa = PBXGroup;
			children = (
				761D496F20D8EBD0004D2838 /* protoResource */,
				761D496820D8EB90004D2838 /* protoModel */,
				761D493620D8E4BE004D2838 /* AppDelegate.h */,
				761D493720D8E4BE004D2838 /* AppDelegate.m */,
				761D493920D8E4BE004D2838 /* ViewController.h */,
				761D493A20D8E4BE004D2838 /* ViewController.m */,
				761D493C20D8E4BE004D2838 /* Main.storyboard */,
				761D493F20D8E4C0004D2838 /* Assets.xcassets */,
				761D494120D8E4C0004D2838 /* LaunchScreen.storyboard */,
				761D494420D8E4C0004D2838 /* Info.plist */,
				761D494520D8E4C0004D2838 /* main.m */,
			);
			path = protocolbufDemo;
			sourceTree = "<group>";
		};
		761D494E20D8E4C0004D2838 /* protocolbufDemoTests */ = {
			isa = PBXGroup;
			children = (
				761D494F20D8E4C0004D2838 /* protocolbufDemoTests.m */,
				761D495120D8E4C0004D2838 /* Info.plist */,
			);
			path = protocolbufDemoTests;
			sourceTree = "<group>";
		};
		761D495920D8E4C1004D2838 /* protocolbufDemoUITests */ = {
			isa = PBXGroup;
			children = (
				761D495A20D8E4C1004D2838 /* protocolbufDemoUITests.m */,
				761D495C20D8E4C1004D2838 /* Info.plist */,
			);
			path = protocolbufDemoUITests;
			sourceTree = "<group>";
		};
		761D496820D8EB90004D2838 /* protoModel */ = {
			isa = PBXGroup;
			children = (
				761D496920D8EBA1004D2838 /* CommonShop.pbobjc.h */,
				761D496B20D8EBA1004D2838 /* CommonShop.pbobjc.m */,
				761D496A20D8EBA1004D2838 /* Person.pbobjc.h */,
				761D496C20D8EBA1004D2838 /* Person.pbobjc.m */,
			);
			path = protoModel;
			sourceTree = "<group>";
		};
		761D496F20D8EBD0004D2838 /* protoResource */ = {
			isa = PBXGroup;
			children = (
				761D497120D8EBF5004D2838 /* CommonShop.proto */,
				761D497020D8EBF5004D2838 /* Person.proto */,
			);
			path = protoResource;
			sourceTree = "<group>";
		};
		A4088A593BC11040DA339F80 /* Frameworks */ = {
			isa = PBXGroup;
			children = (
				071BA0C72F22DC51D97FD7B7 /* libPods-protocolbufDemo.a */,
			);
			name = Frameworks;
			sourceTree = "<group>";
		};
/* End PBXGroup section */

/* Begin PBXNativeTarget section */
		761D493220D8E4BE004D2838 /* protocolbufDemo */ = {
			isa = PBXNativeTarget;
			buildConfigurationList = 761D495F20D8E4C1004D2838 /* Build configuration list for PBXNativeTarget "protocolbufDemo" */;
			buildPhases = (
				4801BAD83A02A259FCA27EBB /* [CP] Check Pods Manifest.lock */,
				761D492F20D8E4BE004D2838 /* Sources */,
				761D493020D8E4BE004D2838 /* Frameworks */,
				761D493120D8E4BE004D2838 /* Resources */,
			);
			buildRules = (
			);
			dependencies = (
			);
			name = protocolbufDemo;
			productName = protocolbufDemo;
			productReference = 761D493320D8E4BE004D2838 /* protocolbufDemo.app */;
			productType = "com.apple.product-type.application";
		};
		761D494A20D8E4C0004D2838 /* protocolbufDemoTests */ = {
			isa = PBXNativeTarget;
			buildConfigurationList = 761D496220D8E4C1004D2838 /* Build configuration list for PBXNativeTarget "protocolbufDemoTests" */;
			buildPhases = (
				761D494720D8E4C0004D2838 /* Sources */,
				761D494820D8E4C0004D2838 /* Frameworks */,
				761D494920D8E4C0004D2838 /* Resources */,
			);
			buildRules = (
			);
			dependencies = (
				761D494D20D8E4C0004D2838 /* PBXTargetDependency */,
			);
			name = protocolbufDemoTests;
			productName = protocolbufDemoTests;
			productReference = 761D494B20D8E4C0004D2838 /* protocolbufDemoTests.xctest */;
			productType = "com.apple.product-type.bundle.unit-test";
		};
		761D495520D8E4C1004D2838 /* protocolbufDemoUITests */ = {
			isa = PBXNativeTarget;
			buildConfigurationList = 761D496520D8E4C1004D2838 /* Build configuration list for PBXNativeTarget "protocolbufDemoUITests" */;
			buildPhases = (
				761D495220D8E4C1004D2838 /* Sources */,
				761D495320D8E4C1004D2838 /* Frameworks */,
				761D495420D8E4C1004D2838 /* Resources */,
			);
			buildRules = (
			);
			dependencies = (
				761D495820D8E4C1004D2838 /* PBXTargetDependency */,
			);
			name = protocolbufDemoUITests;
			productName = protocolbufDemoUITests;
			productReference = 761D495620D8E4C1004D2838 /* protocolbufDemoUITests.xctest */;
			productType = "com.apple.product-type.bundle.ui-testing";
		};
/* End PBXNativeTarget section */

/* Begin PBXProject section */
		761D492B20D8E4BE004D2838 /* Project object */ = {
			isa = PBXProject;
			attributes = {
				LastUpgradeCheck = 0930;
				ORGANIZATIONNAME = wupeng;
				TargetAttributes = {
					761D493220D8E4BE004D2838 = {
						CreatedOnToolsVersion = 9.3.1;
					};
					761D494A20D8E4C0004D2838 = {
						CreatedOnToolsVersion = 9.3.1;
						TestTargetID = 761D493220D8E4BE004D2838;
					};
					761D495520D8E4C1004D2838 = {
						CreatedOnToolsVersion = 9.3.1;
						TestTargetID = 761D493220D8E4BE004D2838;
					};
				};
			};
			buildConfigurationList = 761D492E20D8E4BE004D2838 /* Build configuration list for PBXProject "protocolbufDemo" */;
			compatibilityVersion = "Xcode 9.3";
			developmentRegion = en;
			hasScannedForEncodings = 0;
			knownRegions = (
				en,
				Base,
			);
			mainGroup = 761D492A20D8E4BE004D2838;
			productRefGroup = 761D493420D8E4BE004D2838 /* Products */;
			projectDirPath = "";
			projectRoot = "";
			targets = (
				761D493220D8E4BE004D2838 /* protocolbufDemo */,
				761D494A20D8E4C0004D2838 /* protocolbufDemoTests */,
				761D495520D8E4C1004D2838 /* protocolbufDemoUITests */,
			);
		};
/* End PBXProject section */

/* Begin PBXResourcesBuildPhase section */
		761D493120D8E4BE004D2838 /* Resources */ = {
			isa = PBXResourcesBuildPhase;
			buildActionMask = 2147483647;
			files = (
				761D494320D8E4C0004D2838 /* LaunchScreen.storyboard in Resources */,
				761D497220D8EBF5004D2838 /* Person.proto in Resources */,
				761D494020D8E4C0004D2838 /* Assets.xcassets in Resources */,
				761D497320D8EBF5004D2838 /* CommonShop.proto in Resources */,
				761D493E20D8E4BE004D2838 /* Main.storyboard in Resources */,
			);
			runOnlyForDeploymentPostprocessing = 0;
		};
		761D494920D8E4C0004D2838 /* Resources */ = {
			isa = PBXResourcesBuildPhase;
			buildActionMask = 2147483647;
			files = (
			);
			runOnlyForDeploymentPostprocessing = 0;
		};
		761D495420D8E4C1004D2838 /* Resources */ = {
			isa = PBXResourcesBuildPhase;
			buildActionMask = 2147483647;
			files = (
			);
			runOnlyForDeploymentPostprocessing = 0;
		};
/* End PBXResourcesBuildPhase section */

/* Begin PBXShellScriptBuildPhase section */
		4801BAD83A02A259FCA27EBB /* [CP] Check Pods Manifest.lock */ = {
			isa = PBXShellScriptBuildPhase;
			buildActionMask = 2147483647;
			files = (
			);
			inputPaths = (
				"${PODS_PODFILE_DIR_PATH}/Podfile.lock",
				"${PODS_ROOT}/Manifest.lock",
			);
			name = "[CP] Check Pods Manifest.lock";
			outputPaths = (
				"$(DERIVED_FILE_DIR)/Pods-protocolbufDemo-checkManifestLockResult.txt",
			);
			runOnlyForDeploymentPostprocessing = 0;
			shellPath = /bin/sh;
			shellScript = "diff \"${PODS_PODFILE_DIR_PATH}/Podfile.lock\" \"${PODS_ROOT}/Manifest.lock\" > /dev/null\nif [ $? != 0 ] ; then\n    # print error to STDERR\n    echo \"error: The sandbox is not in sync with the Podfile.lock. Run 'pod install' or update your CocoaPods installation.\" >&2\n    exit 1\nfi\n# This output is used by Xcode 'outputs' to avoid re-running this script phase.\necho \"SUCCESS\" > \"${SCRIPT_OUTPUT_FILE_0}\"\n";
			showEnvVarsInLog = 0;
		};
/* End PBXShellScriptBuildPhase section */

/* Begin PBXSourcesBuildPhase section */
		761D492F20D8E4BE004D2838 /* Sources */ = {
			isa = PBXSourcesBuildPhase;
			buildActionMask = 2147483647;
			files = (
				761D493B20D8E4BE004D2838 /* ViewController.m in Sources */,
				761D494620D8E4C0004D2838 /* main.m in Sources */,
				761D493820D8E4BE004D2838 /* AppDelegate.m in Sources */,
				761D496E20D8EBA1004D2838 /* Person.pbobjc.m in Sources */,
				761D496D20D8EBA1004D2838 /* CommonShop.pbobjc.m in Sources */,
			);
			runOnlyForDeploymentPostprocessing = 0;
		};
		761D494720D8E4C0004D2838 /* Sources */ = {
			isa = PBXSourcesBuildPhase;
			buildActionMask = 2147483647;
			files = (
				761D495020D8E4C0004D2838 /* protocolbufDemoTests.m in Sources */,
			);
			runOnlyForDeploymentPostprocessing = 0;
		};
		761D495220D8E4C1004D2838 /* Sources */ = {
			isa = PBXSourcesBuildPhase;
			buildActionMask = 2147483647;
			files = (
				761D495B20D8E4C1004D2838 /* protocolbufDemoUITests.m in Sources */,
			);
			runOnlyForDeploymentPostprocessing = 0;
		};
/* End PBXSourcesBuildPhase section */

/* Begin PBXTargetDependency section */
		761D494D20D8E4C0004D2838 /* PBXTargetDependency */ = {
			isa = PBXTargetDependency;
			target = 761D493220D8E4BE004D2838 /* protocolbufDemo */;
			targetProxy = 761D494C20D8E4C0004D2838 /* PBXContainerItemProxy */;
		};
		761D495820D8E4C1004D2838 /* PBXTargetDependency */ = {
			isa = PBXTargetDependency;
			target = 761D493220D8E4BE004D2838 /* protocolbufDemo */;
			targetProxy = 761D495720D8E4C1004D2838 /* PBXContainerItemProxy */;
		};
/* End PBXTargetDependency section */

/* Begin PBXVariantGroup section */
		761D493C20D8E4BE004D2838 /* Main.storyboard */ = {
			isa = PBXVariantGroup;
			children = (
				761D493D20D8E4BE004D2838 /* Base */,
			);
			name = Main.storyboard;
			sourceTree = "<group>";
		};
		761D494120D8E4C0004D2838 /* LaunchScreen.storyboard */ = {
			isa = PBXVariantGroup;
			children = (
				761D494220D8E4C0004D2838 /* Base */,
			);
			name = LaunchScreen.storyboard;
			sourceTree = "<group>";
		};
/* End PBXVariantGroup section */

/* Begin XCBuildConfiguration section */
		761D495D20D8E4C1004D2838 /* Debug */ = {
			isa = XCBuildConfiguration;
			buildSettings = {
				ALWAYS_SEARCH_USER_PATHS = NO;
				CLANG_ANALYZER_NONNULL = YES;
				CLANG_ANALYZER_NUMBER_OBJECT_CONVERSION = YES_AGGRESSIVE;
				CLANG_CXX_LANGUAGE_STANDARD = "gnu++14";
				CLANG_CXX_LIBRARY = "libc++";
				CLANG_ENABLE_MODULES = YES;
				CLANG_ENABLE_OBJC_ARC = YES;
				CLANG_ENABLE_OBJC_WEAK = YES;
				CLANG_WARN_BLOCK_CAPTURE_AUTORELEASING = YES;
				CLANG_WARN_BOOL_CONVERSION = YES;
				CLANG_WARN_COMMA = YES;
				CLANG_WARN_CONSTANT_CONVERSION = YES;
				CLANG_WARN_DEPRECATED_OBJC_IMPLEMENTATIONS = YES;
				CLANG_WARN_DIRECT_OBJC_ISA_USAGE = YES_ERROR;
				CLANG_WARN_DOCUMENTATION_COMMENTS = YES;
				CLANG_WARN_EMPTY_BODY = YES;
				CLANG_WARN_ENUM_CONVERSION = YES;
				CLANG_WARN_INFINITE_RECURSION = YES;
				CLANG_WARN_INT_CONVERSION = YES;
				CLANG_WARN_NON_LITERAL_NULL_CONVERSION = YES;
				CLANG_WARN_OBJC_IMPLICIT_RETAIN_SELF = YES;
				CLANG_WARN_OBJC_LITERAL_CONVERSION = YES;
				CLANG_WARN_OBJC_ROOT_CLASS = YES_ERROR;
				CLANG_WARN_RANGE_LOOP_ANALYSIS = YES;
				CLANG_WARN_STRICT_PROTOTYPES = YES;
				CLANG_WARN_SUSPICIOUS_MOVE = YES;
				CLANG_WARN_UNGUARDED_AVAILABILITY = YES_AGGRESSIVE;
				CLANG_WARN_UNREACHABLE_CODE = YES;
				CLANG_WARN__DUPLICATE_METHOD_MATCH = YES;
				CODE_SIGN_IDENTITY = "iPhone Developer";
				COPY_PHASE_STRIP = NO;
				DEBUG_INFORMATION_FORMAT = dwarf;
				ENABLE_STRICT_OBJC_MSGSEND = YES;
				ENABLE_TESTABILITY = YES;
				GCC_C_LANGUAGE_STANDARD = gnu11;
				GCC_DYNAMIC_NO_PIC = NO;
				GCC_NO_COMMON_BLOCKS = YES;
				GCC_OPTIMIZATION_LEVEL = 0;
				GCC_PREPROCESSOR_DEFINITIONS = (
					"DEBUG=1",
					"$(inherited)",
				);
				GCC_WARN_64_TO_32_BIT_CONVERSION = YES;
				GCC_WARN_ABOUT_RETURN_TYPE = YES_ERROR;
				GCC_WARN_UNDECLARED_SELECTOR = YES;
				GCC_WARN_UNINITIALIZED_AUTOS = YES_AGGRESSIVE;
				GCC_WARN_UNUSED_FUNCTION = YES;
				GCC_WARN_UNUSED_VARIABLE = YES;
				IPHONEOS_DEPLOYMENT_TARGET = 11.3;
				MTL_ENABLE_DEBUG_INFO = YES;
				ONLY_ACTIVE_ARCH = YES;
				SDKROOT = iphoneos;
			};
			name = Debug;
		};
		761D495E20D8E4C1004D2838 /* Release */ = {
			isa = XCBuildConfiguration;
			buildSettings = {
				ALWAYS_SEARCH_USER_PATHS = NO;
				CLANG_ANALYZER_NONNULL = YES;
				CLANG_ANALYZER_NUMBER_OBJECT_CONVERSION = YES_AGGRESSIVE;
				CLANG_CXX_LANGUAGE_STANDARD = "gnu++14";
				CLANG_CXX_LIBRARY = "libc++";
				CLANG_ENABLE_MODULES = YES;
				CLANG_ENABLE_OBJC_ARC = YES;
				CLANG_ENABLE_OBJC_WEAK = YES;
				CLANG_WARN_BLOCK_CAPTURE_AUTORELEASING = YES;
				CLANG_WARN_BOOL_CONVERSION = YES;
				CLANG_WARN_COMMA = YES;
				CLANG_WARN_CONSTANT_CONVERSION = YES;
				CLANG_WARN_DEPRECATED_OBJC_IMPLEMENTATIONS = YES;
				CLANG_WARN_DIRECT_OBJC_ISA_USAGE = YES_ERROR;
				CLANG_WARN_DOCUMENTATION_COMMENTS = YES;
				CLANG_WARN_EMPTY_BODY = YES;
				CLANG_WARN_ENUM_CONVERSION = YES;
				CLANG_WARN_INFINITE_RECURSION = YES;
				CLANG_WARN_INT_CONVERSION = YES;
				CLANG_WARN_NON_LITERAL_NULL_CONVERSION = YES;
				CLANG_WARN_OBJC_IMPLICIT_RETAIN_SELF = YES;
				CLANG_WARN_OBJC_LITERAL_CONVERSION = YES;
				CLANG_WARN_OBJC_ROOT_CLASS = YES_ERROR;
				CLANG_WARN_RANGE_LOOP_ANALYSIS = YES;
				CLANG_WARN_STRICT_PROTOTYPES = YES;
				CLANG_WARN_SUSPICIOUS_MOVE = YES;
				CLANG_WARN_UNGUARDED_AVAILABILITY = YES_AGGRESSIVE;
				CLANG_WARN_UNREACHABLE_CODE = YES;
				CLANG_WARN__DUPLICATE_METHOD_MATCH = YES;
				CODE_SIGN_IDENTITY = "iPhone Developer";
				COPY_PHASE_STRIP = NO;
				DEBUG_INFORMATION_FORMAT = "dwarf-with-dsym";
				ENABLE_NS_ASSERTIONS = NO;
				ENABLE_STRICT_OBJC_MSGSEND = YES;
				GCC_C_LANGUAGE_STANDARD = gnu11;
				GCC_NO_COMMON_BLOCKS = YES;
				GCC_WARN_64_TO_32_BIT_CONVERSION = YES;
				GCC_WARN_ABOUT_RETURN_TYPE = YES_ERROR;
				GCC_WARN_UNDECLARED_SELECTOR = YES;
				GCC_WARN_UNINITIALIZED_AUTOS = YES_AGGRESSIVE;
				GCC_WARN_UNUSED_FUNCTION = YES;
				GCC_WARN_UNUSED_VARIABLE = YES;
				IPHONEOS_DEPLOYMENT_TARGET = 11.3;
				MTL_ENABLE_DEBUG_INFO = NO;
				SDKROOT = iphoneos;
				VALIDATE_PRODUCT = YES;
			};
			name = Release;
		};
		761D496020D8E4C1004D2838 /* Debug */ = {
			isa = XCBuildConfiguration;
			baseConfigurationReference = C36DDF5CACC6E21EAB3D5F87 /* Pods-protocolbufDemo.debug.xcconfig */;
			buildSettings = {
				ASSETCATALOG_COMPILER_APPICON_NAME = AppIcon;
				CODE_SIGN_STYLE = Automatic;
				INFOPLIST_FILE = protocolbufDemo/Info.plist;
				LD_RUNPATH_SEARCH_PATHS = (
					"$(inherited)",
					"@executable_path/Frameworks",
				);
				PRODUCT_BUNDLE_IDENTIFIER = com.OrientSecurities.InternalTest.protocolbufDemo;
				PRODUCT_NAME = "$(TARGET_NAME)";
				TARGETED_DEVICE_FAMILY = "1,2";
			};
			name = Debug;
		};
		761D496120D8E4C1004D2838 /* Release */ = {
			isa = XCBuildConfiguration;
			baseConfigurationReference = D7E43563BDA70C51A32FA09C /* Pods-protocolbufDemo.release.xcconfig */;
			buildSettings = {
				ASSETCATALOG_COMPILER_APPICON_NAME = AppIcon;
				CODE_SIGN_STYLE = Automatic;
				INFOPLIST_FILE = protocolbufDemo/Info.plist;
				LD_RUNPATH_SEARCH_PATHS = (
					"$(inherited)",
					"@executable_path/Frameworks",
				);
				PRODUCT_BUNDLE_IDENTIFIER = com.OrientSecurities.InternalTest.protocolbufDemo;
				PRODUCT_NAME = "$(TARGET_NAME)";
				TARGETED_DEVICE_FAMILY = "1,2";
			};
			name = Release;
		};
		761D496320D8E4C1004D2838 /* Debug */ = {
			isa = XCBuildConfiguration;
			buildSettings = {
				BUNDLE_LOADER = "$(TEST_HOST)";
				CODE_SIGN_STYLE = Automatic;
				INFOPLIST_FILE = protocolbufDemoTests/Info.plist;
				LD_RUNPATH_SEARCH_PATHS = (
					"$(inherited)",
					"@executable_path/Frameworks",
					"@loader_path/Frameworks",
				);
				PRODUCT_BUNDLE_IDENTIFIER = com.OrientSecurities.InternalTest.protocolbufDemoTests;
				PRODUCT_NAME = "$(TARGET_NAME)";
				TARGETED_DEVICE_FAMILY = "1,2";
				TEST_HOST = "$(BUILT_PRODUCTS_DIR)/protocolbufDemo.app/protocolbufDemo";
			};
			name = Debug;
		};
		761D496420D8E4C1004D2838 /* Release */ = {
			isa = XCBuildConfiguration;
			buildSettings = {
				BUNDLE_LOADER = "$(TEST_HOST)";
				CODE_SIGN_STYLE = Automatic;
				INFOPLIST_FILE = protocolbufDemoTests/Info.plist;
				LD_RUNPATH_SEARCH_PATHS = (
					"$(inherited)",
					"@executable_path/Frameworks",
					"@loader_path/Frameworks",
				);
				PRODUCT_BUNDLE_IDENTIFIER = com.OrientSecurities.InternalTest.protocolbufDemoTests;
				PRODUCT_NAME = "$(TARGET_NAME)";
				TARGETED_DEVICE_FAMILY = "1,2";
				TEST_HOST = "$(BUILT_PRODUCTS_DIR)/protocolbufDemo.app/protocolbufDemo";
			};
			name = Release;
		};
		761D496620D8E4C1004D2838 /* Debug */ = {
			isa = XCBuildConfiguration;
			buildSettings = {
				CODE_SIGN_STYLE = Automatic;
				INFOPLIST_FILE = protocolbufDemoUITests/Info.plist;
				LD_RUNPATH_SEARCH_PATHS = (
					"$(inherited)",
					"@executable_path/Frameworks",
					"@loader_path/Frameworks",
				);
				PRODUCT_BUNDLE_IDENTIFIER = com.OrientSecurities.InternalTest.protocolbufDemoUITests;
				PRODUCT_NAME = "$(TARGET_NAME)";
				TARGETED_DEVICE_FAMILY = "1,2";
				TEST_TARGET_NAME = protocolbufDemo;
			};
			name = Debug;
		};
		761D496720D8E4C1004D2838 /* Release */ = {
			isa = XCBuildConfiguration;
			buildSettings = {
				CODE_SIGN_STYLE = Automatic;
				INFOPLIST_FILE = protocolbufDemoUITests/Info.plist;
				LD_RUNPATH_SEARCH_PATHS = (
					"$(inherited)",
					"@executable_path/Frameworks",
					"@loader_path/Frameworks",
				);
				PRODUCT_BUNDLE_IDENTIFIER = com.OrientSecurities.InternalTest.protocolbufDemoUITests;
				PRODUCT_NAME = "$(TARGET_NAME)";
				TARGETED_DEVICE_FAMILY = "1,2";
				TEST_TARGET_NAME = protocolbufDemo;
			};
			name = Release;
		};
/* End XCBuildConfiguration section */

/* Begin XCConfigurationList section */
		761D492E20D8E4BE004D2838 /* Build configuration list for PBXProject "protocolbufDemo" */ = {
			isa = XCConfigurationList;
			buildConfigurations = (
				761D495D20D8E4C1004D2838 /* Debug */,
				761D495E20D8E4C1004D2838 /* Release */,
			);
			defaultConfigurationIsVisible = 0;
			defaultConfigurationName = Release;
		};
		761D495F20D8E4C1004D2838 /* Build configuration list for PBXNativeTarget "protocolbufDemo" */ = {
			isa = XCConfigurationList;
			buildConfigurations = (
				761D496020D8E4C1004D2838 /* Debug */,
				761D496120D8E4C1004D2838 /* Release */,
			);
			defaultConfigurationIsVisible = 0;
			defaultConfigurationName = Release;
		};
		761D496220D8E4C1004D2838 /* Build configuration list for PBXNativeTarget "protocolbufDemoTests" */ = {
			isa = XCConfigurationList;
			buildConfigurations = (
				761D496320D8E4C1004D2838 /* Debug */,
				761D496420D8E4C1004D2838 /* Release */,
			);
			defaultConfigurationIsVisible = 0;
			defaultConfigurationName = Release;
		};
		761D496520D8E4C1004D2838 /* Build configuration list for PBXNativeTarget "protocolbufDemoUITests" */ = {
			isa = XCConfigurationList;
			buildConfigurations = (
				761D496620D8E4C1004D2838 /* Debug */,
				761D496720D8E4C1004D2838 /* Release */,
			);
			defaultConfigurationIsVisible = 0;
			defaultConfigurationName = Release;
		};
/* End XCConfigurationList section */
	};
	rootObject = 761D492B20D8E4BE004D2838 /* Project object */;
}
